
Microsoft Visual Studio Solution File, Format Version 12.00
# Visual Studio Version 17
VisualStudioVersion = 17.3.32922.545
MinimumVisualStudioVersion = 10.0.40219.1
Project("{FAE04EC0-301F-11D3-BF4B-00C04F79EFBC}") = "TheZoo", "TheZoo.csproj", "{5668A06E-13A3-4490-821E-CA54BF61BB85}"
EndProject
Global
	GlobalSection(SolutionConfigurationPlatforms) = preSolution
		Debug|Any CPU = Debug|Any CPU
		Release|Any CPU = Release|Any CPU
	EndGlobalSection
	GlobalSection(ProjectConfigurationPlatforms) = postSolution
		{5668A06E-13A3-4490-821E-CA54BF61BB85}.Debug|Any CPU.ActiveCfg = Debug|Any CPU
		{5668A06E-13A3-4490-821E-CA54BF61BB85}.Debug|Any CPU.Build.0 = Debug|Any CPU
		{5668A06E-13A3-4490-821E-CA54BF61BB85}.Release|Any CPU.ActiveCfg = Release|Any CPU
		{5668A06E-13A3-4490-821E-CA54BF61BB85}.Release|Any CPU.Build.0 = Release|Any CPU
	EndGlobalSection
	GlobalSection(SolutionProperties) = preSolution
		HideSolutionNode = FALSE
	EndGlobalSection
	GlobalSection(ExtensibilityGlobals) = postSolution
		SolutionGuid = {C5AAE9D6-4A93-4AE9-B266-A33987F49788}
	EndGlobalSection
EndGlobal
